# This file is automatically @generated by Cargo.
# It is not intended for manual editing.
[[package]]
name = "bitflags"
version = "1.2.1"
source = "registry+https://github.com/rust-lang/crates.io-index"
checksum = "cf1de2fe8c75bc145a2f577add951f8134889b4795d47466a54a5c846d691693"

[[package]]
name = "fancy-wc"
version = "0.1.0"
dependencies = [
 "play",
 "rppal",
]

[[package]]
name = "lazy_static"
version = "1.4.0"
source = "registry+https://github.com/rust-lang/crates.io-index"
checksum = "e2abad23fbc42b3700f2f279844dc832adb2b2eb069b2df918f455c4e18cc646"

[[package]]
name = "libc"
version = "0.2.89"
source = "registry+https://github.com/rust-lang/crates.io-index"
checksum = "538c092e5586f4cdd7dd8078c4a79220e3e168880218124dcbce860f0ea938c6"

[[package]]
name = "mpg123-sys"
version = "0.6.0"
source = "registry+https://github.com/rust-lang/crates.io-index"
checksum = "a75c26239d85c1423091c109fcdabbcfaac868576dc018b0e959137217907610"
dependencies = [
 "bitflags",
 "libc",
 "pkg-config",
]

[[package]]
name = "out123-sys"
version = "0.5.0"
source = "registry+https://github.com/rust-lang/crates.io-index"
checksum = "5da977be7c4b44e2ad26be779aafc1761a89bd2ee6e363770bb71eb67a00d2e5"
dependencies = [
 "libc",
 "mpg123-sys",
 "pkg-config",
]

[[package]]
name = "pkg-config"
version = "0.3.19"
source = "registry+https://github.com/rust-lang/crates.io-index"
checksum = "3831453b3449ceb48b6d9c7ad7c96d5ea673e9b470a1dc578c2ce6521230884c"

[[package]]
name = "play"
version = "0.5.3"
source = "registry+https://github.com/rust-lang/crates.io-index"
checksum = "c570085654588139e9ea2f452fe7dcb78d576da4f1c04d58b98b32fc42744ff0"
dependencies = [
 "libc",
 "mpg123-sys",
 "out123-sys",
]

[[package]]
name = "rppal"
version = "0.11.3"
source = "registry+https://github.com/rust-lang/crates.io-index"
checksum = "137dbba1fb867daa27cda4c3cd6a11bca5bb5a1551f034cf9319b994846ddbe1"
dependencies = [
 "lazy_static",
 "libc",
]
